// !$*UTF8*$!
{
	archiveVersion = 1;
	classes = {
	};
	objectVersion = 50;
	objects = {

/* Begin PBXBuildFile section */
		501B722C23AB26600018C027 /* AppDelegate.m in Sources */ = {isa = PBXBuildFile; fileRef = 501B722B23AB26600018C027 /* AppDelegate.m */; };
		501B722F23AB26600018C027 /* SceneDelegate.m in Sources */ = {isa = PBXBuildFile; fileRef = 501B722E23AB26600018C027 /* SceneDelegate.m */; };
		501B723223AB26600018C027 /* ViewController.m in Sources */ = {isa = PBXBuildFile; fileRef = 501B723123AB26600018C027 /* ViewController.m */; };
		501B723523AB26600018C027 /* Main.storyboard in Resources */ = {isa = PBXBuildFile; fileRef = 501B723323AB26600018C027 /* Main.storyboard */; };
		501B723723AB26680018C027 /* Assets.xcassets in Resources */ = {isa = PBXBuildFile; fileRef = 501B723623AB26680018C027 /* Assets.xcassets */; };
		501B723A23AB26680018C027 /* LaunchScreen.storyboard in Resources */ = {isa = PBXBuildFile; fileRef = 501B723823AB26680018C027 /* LaunchScreen.storyboard */; };
		501B723D23AB26680018C027 /* main.m in Sources */ = {isa = PBXBuildFile; fileRef = 501B723C23AB26680018C027 /* main.m */; };
		501B729423AB288C0018C027 /* SwiftFacade.swift in Sources */ = {isa = PBXBuildFile; fileRef = 501B729323AB288C0018C027 /* SwiftFacade.swift */; };
		501B729923AB29CE0018C027 /* libObjCLib1.a in Frameworks */ = {isa = PBXBuildFile; fileRef = 501B725D23AB27E10018C027 /* libObjCLib1.a */; };
		501B72B423AB2D410018C027 /* libSwiftLib1.a in Frameworks */ = {isa = PBXBuildFile; fileRef = 501B727623AB27FD0018C027 /* libSwiftLib1.a */; };
/* End PBXBuildFile section */

/* Begin PBXContainerItemProxy section */
		501B725C23AB27E10018C027 /* PBXContainerItemProxy */ = {
			isa = PBXContainerItemProxy;
			containerPortal = 501B725823AB27E00018C027 /* ObjCLib1.xcodeproj */;
			proxyType = 2;
			remoteGlobalIDString = 501B724C23AB27E00018C027;
			remoteInfo = ObjCLib1;
		};
		501B727523AB27FD0018C027 /* PBXContainerItemProxy */ = {
			isa = PBXContainerItemProxy;
			containerPortal = 501B727123AB27FC0018C027 /* SwiftLib1.xcodeproj */;
			proxyType = 2;
			remoteGlobalIDString = 501B726723AB27FC0018C027;
			remoteInfo = SwiftLib1;
		};
		501B72CB23AB6AF60018C027 /* PBXContainerItemProxy */ = {
			isa = PBXContainerItemProxy;
			containerPortal = 501B727123AB27FC0018C027 /* SwiftLib1.xcodeproj */;
			proxyType = 1;
			remoteGlobalIDString = 501B726623AB27FC0018C027;
			remoteInfo = SwiftLib1;
		};
		501B72CD23AB6AF60018C027 /* PBXContainerItemProxy */ = {
			isa = PBXContainerItemProxy;
			containerPortal = 501B725823AB27E00018C027 /* ObjCLib1.xcodeproj */;
			proxyType = 1;
			remoteGlobalIDString = 501B724B23AB27E00018C027;
			remoteInfo = ObjCLib1;
		};
/* End PBXContainerItemProxy section */

/* Begin PBXFileReference section */
		501B722723AB26600018C027 /* MixedLangApp.app */ = {isa = PBXFileReference; explicitFileType = wrapper.application; includeInIndex = 0; path = MixedLangApp.app; sourceTree = BUILT_PRODUCTS_DIR; };
		501B722A23AB26600018C027 /* AppDelegate.h */ = {isa = PBXFileReference; lastKnownFileType = sourcecode.c.h; path = AppDelegate.h; sourceTree = "<group>"; };
		501B722B23AB26600018C027 /* AppDelegate.m */ = {isa = PBXFileReference; lastKnownFileType = sourcecode.c.objc; path = AppDelegate.m; sourceTree = "<group>"; };
		501B722D23AB26600018C027 /* SceneDelegate.h */ = {isa = PBXFileReference; lastKnownFileType = sourcecode.c.h; path = SceneDelegate.h; sourceTree = "<group>"; };
		501B722E23AB26600018C027 /* SceneDelegate.m */ = {isa = PBXFileReference; lastKnownFileType = sourcecode.c.objc; path = SceneDelegate.m; sourceTree = "<group>"; };
		501B723023AB26600018C027 /* ViewController.h */ = {isa = PBXFileReference; lastKnownFileType = sourcecode.c.h; path = ViewController.h; sourceTree = "<group>"; };
		501B723123AB26600018C027 /* ViewController.m */ = {isa = PBXFileReference; lastKnownFileType = sourcecode.c.objc; path = ViewController.m; sourceTree = "<group>"; };
		501B723423AB26600018C027 /* Base */ = {isa = PBXFileReference; lastKnownFileType = file.storyboard; name = Base; path = Base.lproj/Main.storyboard; sourceTree = "<group>"; };
		501B723623AB26680018C027 /* Assets.xcassets */ = {isa = PBXFileReference; lastKnownFileType = folder.assetcatalog; path = Assets.xcassets; sourceTree = "<group>"; };
		501B723923AB26680018C027 /* Base */ = {isa = PBXFileReference; lastKnownFileType = file.storyboard; name = Base; path = Base.lproj/LaunchScreen.storyboard; sourceTree = "<group>"; };
		501B723B23AB26680018C027 /* Info.plist */ = {isa = PBXFileReference; lastKnownFileType = text.plist.xml; path = Info.plist; sourceTree = "<group>"; };
		501B723C23AB26680018C027 /* main.m */ = {isa = PBXFileReference; lastKnownFileType = sourcecode.c.objc; path = main.m; sourceTree = "<group>"; };
		501B725823AB27E00018C027 /* ObjCLib1.xcodeproj */ = {isa = PBXFileReference; lastKnownFileType = "wrapper.pb-project"; name = ObjCLib1.xcodeproj; path = ObjCLib1/ObjCLib1.xcodeproj; sourceTree = "<group>"; };
		501B727123AB27FC0018C027 /* SwiftLib1.xcodeproj */ = {isa = PBXFileReference; lastKnownFileType = "wrapper.pb-project"; name = SwiftLib1.xcodeproj; path = SwiftLib1/SwiftLib1.xcodeproj; sourceTree = "<group>"; };
		501B729223AB288C0018C027 /* MixedLangApp-Bridging-Header.h */ = {isa = PBXFileReference; lastKnownFileType = sourcecode.c.h; path = "MixedLangApp-Bridging-Header.h"; sourceTree = "<group>"; };
		501B729323AB288C0018C027 /* SwiftFacade.swift */ = {isa = PBXFileReference; lastKnownFileType = sourcecode.swift; path = SwiftFacade.swift; sourceTree = "<group>"; };
/* End PBXFileReference section */

/* Begin PBXFrameworksBuildPhase section */
		501B722423AB26600018C027 /* Frameworks */ = {
			isa = PBXFrameworksBuildPhase;
			buildActionMask = 2147483647;
			files = (
				501B729923AB29CE0018C027 /* libObjCLib1.a in Frameworks */,
				501B72B423AB2D410018C027 /* libSwiftLib1.a in Frameworks */,
			);
			runOnlyForDeploymentPostprocessing = 0;
		};
/* End PBXFrameworksBuildPhase section */

/* Begin PBXGroup section */
		501B721E23AB26600018C027 = {
			isa = PBXGroup;
			children = (
				501B727123AB27FC0018C027 /* SwiftLib1.xcodeproj */,
				501B725823AB27E00018C027 /* ObjCLib1.xcodeproj */,
				501B722923AB26600018C027 /* MixedLangApp */,
				501B722823AB26600018C027 /* Products */,
				501B729823AB29CE0018C027 /* Frameworks */,
			);
			sourceTree = "<group>";
		};
		501B722823AB26600018C027 /* Products */ = {
			isa = PBXGroup;
			children = (
				501B722723AB26600018C027 /* MixedLangApp.app */,
			);
			name = Products;
			sourceTree = "<group>";
		};
		501B722923AB26600018C027 /* MixedLangApp */ = {
			isa = PBXGroup;
			children = (
				501B722A23AB26600018C027 /* AppDelegate.h */,
				501B722B23AB26600018C027 /* AppDelegate.m */,
				501B722D23AB26600018C027 /* SceneDelegate.h */,
				501B722E23AB26600018C027 /* SceneDelegate.m */,
				501B723023AB26600018C027 /* ViewController.h */,
				501B723123AB26600018C027 /* ViewController.m */,
				501B729323AB288C0018C027 /* SwiftFacade.swift */,
				501B723323AB26600018C027 /* Main.storyboard */,
				501B723623AB26680018C027 /* Assets.xcassets */,
				501B723823AB26680018C027 /* LaunchScreen.storyboard */,
				501B723B23AB26680018C027 /* Info.plist */,
				501B723C23AB26680018C027 /* main.m */,
				501B729223AB288C0018C027 /* MixedLangApp-Bridging-Header.h */,
			);
			path = MixedLangApp;
			sourceTree = "<group>";
		};
		501B725923AB27E00018C027 /* Products */ = {
			isa = PBXGroup;
			children = (
				501B725D23AB27E10018C027 /* libObjCLib1.a */,
			);
			name = Products;
			sourceTree = "<group>";
		};
		501B727223AB27FC0018C027 /* Products */ = {
			isa = PBXGroup;
			children = (
				501B727623AB27FD0018C027 /* libSwiftLib1.a */,
			);
			name = Products;
			sourceTree = "<group>";
		};
		501B729823AB29CE0018C027 /* Frameworks */ = {
			isa = PBXGroup;
			children = (
			);
			name = Frameworks;
			sourceTree = "<group>";
		};
/* End PBXGroup section */

/* Begin PBXNativeTarget section */
		501B722623AB26600018C027 /* MixedLangApp */ = {
			isa = PBXNativeTarget;
			buildConfigurationList = 501B724023AB26680018C027 /* Build configuration list for PBXNativeTarget "MixedLangApp" */;
			buildPhases = (
				501B722323AB26600018C027 /* Sources */,
				501B722423AB26600018C027 /* Frameworks */,
				501B722523AB26600018C027 /* Resources */,
			);
			buildRules = (
			);
			dependencies = (
				501B72CC23AB6AF60018C027 /* PBXTargetDependency */,
				501B72CE23AB6AF60018C027 /* PBXTargetDependency */,
			);
			name = MixedLangApp;
			productName = MixedLangApp;
			productReference = 501B722723AB26600018C027 /* MixedLangApp.app */;
			productType = "com.apple.product-type.application";
		};
/* End PBXNativeTarget section */

/* Begin PBXProject section */
		501B721F23AB26600018C027 /* Project object */ = {
			isa = PBXProject;
			attributes = {
				LastUpgradeCheck = 1120;
				ORGANIZATIONNAME = Hironytic;
				TargetAttributes = {
					501B722623AB26600018C027 = {
						CreatedOnToolsVersion = 11.2.1;
						LastSwiftMigration = 1120;
					};
				};
			};
			buildConfigurationList = 501B722223AB26600018C027 /* Build configuration list for PBXProject "MixedLangApp" */;
			compatibilityVersion = "Xcode 9.3";
			developmentRegion = en;
			hasScannedForEncodings = 0;
			knownRegions = (
				en,
				Base,
			);
			mainGroup = 501B721E23AB26600018C027;
			productRefGroup = 501B722823AB26600018C027 /* Products */;
			projectDirPath = "";
			projectReferences = (
				{
					ProductGroup = 501B725923AB27E00018C027 /* Products */;
					ProjectRef = 501B725823AB27E00018C027 /* ObjCLib1.xcodeproj */;
				},
				{
					ProductGroup = 501B727223AB27FC0018C027 /* Products */;
					ProjectRef = 501B727123AB27FC0018C027 /* SwiftLib1.xcodeproj */;
				},
			);
			projectRoot = "";
			targets = (
				501B722623AB26600018C027 /* MixedLangApp */,
			);
		};
/* End PBXProject section */

/* Begin PBXReferenceProxy section */
		501B725D23AB27E10018C027 /* libObjCLib1.a */ = {
			isa = PBXReferenceProxy;
			fileType = archive.ar;
			path = libObjCLib1.a;
			remoteRef = 501B725C23AB27E10018C027 /* PBXContainerItemProxy */;
			sourceTree = BUILT_PRODUCTS_DIR;
		};
		501B727623AB27FD0018C027 /* libSwiftLib1.a */ = {
			isa = PBXReferenceProxy;
			fileType = archive.ar;
			path = libSwiftLib1.a;
			remoteRef = 501B727523AB27FD0018C027 /* PBXContainerItemProxy */;
			sourceTree = BUILT_PRODUCTS_DIR;
		};
/* End PBXReferenceProxy section */

/* Begin PBXResourcesBuildPhase section */
		501B722523AB26600018C027 /* Resources */ = {
			isa = PBXResourcesBuildPhase;
			buildActionMask = 2147483647;
			files = (
				501B723A23AB26680018C027 /* LaunchScreen.storyboard in Resources */,
				501B723723AB26680018C027 /* Assets.xcassets in Resources */,
				501B723523AB26600018C027 /* Main.storyboard in Resources */,
			);
			runOnlyForDeploymentPostprocessing = 0;
		};
/* End PBXResourcesBuildPhase section */

/* Begin PBXSourcesBuildPhase section */
		501B722323AB26600018C027 /* Sources */ = {
			isa = PBXSourcesBuildPhase;
			buildActionMask = 2147483647;
			files = (
				501B723223AB26600018C027 /* ViewController.m in Sources */,
				501B722C23AB26600018C027 /* AppDelegate.m in Sources */,
				501B729423AB288C0018C027 /* SwiftFacade.swift in Sources */,
				501B723D23AB26680018C027 /* main.m in Sources */,
				501B722F23AB26600018C027 /* SceneDelegate.m in Sources */,
			);
			runOnlyForDeploymentPostprocessing = 0;
		};
/* End PBXSourcesBuildPhase section */

/* Begin PBXTargetDependency section */
		501B72CC23AB6AF60018C027 /* PBXTargetDependency */ = {
			isa = PBXTargetDependency;
			name = SwiftLib1;
			targetProxy = 501B72CB23AB6AF60018C027 /* PBXContainerItemProxy */;
		};
		501B72CE23AB6AF60018C027 /* PBXTargetDependency */ = {
			isa = PBXTargetDependency;
			name = ObjCLib1;
			targetProxy = 501B72CD23AB6AF60018C027 /* PBXContainerItemProxy */;
		};
/* End PBXTargetDependency section */

/* Begin PBXVariantGroup section */
		501B723323AB26600018C027 /* Main.storyboard */ = {
			isa = PBXVariantGroup;
			children = (
				501B723423AB26600018C027 /* Base */,
			);
			name = Main.storyboard;
			sourceTree = "<group>";
		};
		501B723823AB26680018C027 /* LaunchScreen.storyboard */ = {
			isa = PBXVariantGroup;
			children = (
				501B723923AB26680018C027 /* Base */,
			);
			name = LaunchScreen.storyboard;
			sourceTree = "<group>";
		};
/* End PBXVariantGroup section */

/* Begin XCBuildConfiguration section */
		501B723E23AB26680018C027 /* Debug */ = {
			isa = XCBuildConfiguration;
			buildSettings = {
				ALWAYS_SEARCH_USER_PATHS = NO;
				CLANG_ANALYZER_NONNULL = YES;
				CLANG_ANALYZER_NUMBER_OBJECT_CONVERSION = YES_AGGRESSIVE;
				CLANG_CXX_LANGUAGE_STANDARD = "gnu++14";
				CLANG_CXX_LIBRARY = "libc++";
				CLANG_ENABLE_MODULES = YES;
				CLANG_ENABLE_OBJC_ARC = YES;
				CLANG_ENABLE_OBJC_WEAK = YES;
				CLANG_WARN_BLOCK_CAPTURE_AUTORELEASING = YES;
				CLANG_WARN_BOOL_CONVERSION = YES;
				CLANG_WARN_COMMA = YES;
				CLANG_WARN_CONSTANT_CONVERSION = YES;
				CLANG_WARN_DEPRECATED_OBJC_IMPLEMENTATIONS = YES;
				CLANG_WARN_DIRECT_OBJC_ISA_USAGE = YES_ERROR;
				CLANG_WARN_DOCUMENTATION_COMMENTS = YES;
				CLANG_WARN_EMPTY_BODY = YES;
				CLANG_WARN_ENUM_CONVERSION = YES;
				CLANG_WARN_INFINITE_RECURSION = YES;
				CLANG_WARN_INT_CONVERSION = YES;
				CLANG_WARN_NON_LITERAL_NULL_CONVERSION = YES;
				CLANG_WARN_OBJC_IMPLICIT_RETAIN_SELF = YES;
				CLANG_WARN_OBJC_LITERAL_CONVERSION = YES;
				CLANG_WARN_OBJC_ROOT_CLASS = YES_ERROR;
				CLANG_WARN_RANGE_LOOP_ANALYSIS = YES;
				CLANG_WARN_STRICT_PROTOTYPES = YES;
				CLANG_WARN_SUSPICIOUS_MOVE = YES;
				CLANG_WARN_UNGUARDED_AVAILABILITY = YES_AGGRESSIVE;
				CLANG_WARN_UNREACHABLE_CODE = YES;
				CLANG_WARN__DUPLICATE_METHOD_MATCH = YES;
				COPY_PHASE_STRIP = NO;
				DEBUG_INFORMATION_FORMAT = dwarf;
				ENABLE_STRICT_OBJC_MSGSEND = YES;
				ENABLE_TESTABILITY = YES;
				GCC_C_LANGUAGE_STANDARD = gnu11;
				GCC_DYNAMIC_NO_PIC = NO;
				GCC_NO_COMMON_BLOCKS = YES;
				GCC_OPTIMIZATION_LEVEL = 0;
				GCC_PREPROCESSOR_DEFINITIONS = (
					"DEBUG=1",
					"$(inherited)",
				);
				GCC_WARN_64_TO_32_BIT_CONVERSION = YES;
				GCC_WARN_ABOUT_RETURN_TYPE = YES_ERROR;
				GCC_WARN_UNDECLARED_SELECTOR = YES;
				GCC_WARN_UNINITIALIZED_AUTOS = YES_AGGRESSIVE;
				GCC_WARN_UNUSED_FUNCTION = YES;
				GCC_WARN_UNUSED_VARIABLE = YES;
				IPHONEOS_DEPLOYMENT_TARGET = 13.2;
				MTL_ENABLE_DEBUG_INFO = INCLUDE_SOURCE;
				MTL_FAST_MATH = YES;
				ONLY_ACTIVE_ARCH = YES;
				SDKROOT = iphoneos;
			};
			name = Debug;
		};
		501B723F23AB26680018C027 /* Release */ = {
			isa = XCBuildConfiguration;
			buildSettings = {
				ALWAYS_SEARCH_USER_PATHS = NO;
				CLANG_ANALYZER_NONNULL = YES;
				CLANG_ANALYZER_NUMBER_OBJECT_CONVERSION = YES_AGGRESSIVE;
				CLANG_CXX_LANGUAGE_STANDARD = "gnu++14";
				CLANG_CXX_LIBRARY = "libc++";
				CLANG_ENABLE_MODULES = YES;
				CLANG_ENABLE_OBJC_ARC = YES;
				CLANG_ENABLE_OBJC_WEAK = YES;
				CLANG_WARN_BLOCK_CAPTURE_AUTORELEASING = YES;
				CLANG_WARN_BOOL_CONVERSION = YES;
				CLANG_WARN_COMMA = YES;
				CLANG_WARN_CONSTANT_CONVERSION = YES;
				CLANG_WARN_DEPRECATED_OBJC_IMPLEMENTATIONS = YES;
				CLANG_WARN_DIRECT_OBJC_ISA_USAGE = YES_ERROR;
				CLANG_WARN_DOCUMENTATION_COMMENTS = YES;
				CLANG_WARN_EMPTY_BODY = YES;
				CLANG_WARN_ENUM_CONVERSION = YES;
				CLANG_WARN_INFINITE_RECURSION = YES;
				CLANG_WARN_INT_CONVERSION = YES;
				CLANG_WARN_NON_LITERAL_NULL_CONVERSION = YES;
				CLANG_WARN_OBJC_IMPLICIT_RETAIN_SELF = YES;
				CLANG_WARN_OBJC_LITERAL_CONVERSION = YES;
				CLANG_WARN_OBJC_ROOT_CLASS = YES_ERROR;
				CLANG_WARN_RANGE_LOOP_ANALYSIS = YES;
				CLANG_WARN_STRICT_PROTOTYPES = YES;
				CLANG_WARN_SUSPICIOUS_MOVE = YES;
				CLANG_WARN_UNGUARDED_AVAILABILITY = YES_AGGRESSIVE;
				CLANG_WARN_UNREACHABLE_CODE = YES;
				CLANG_WARN__DUPLICATE_METHOD_MATCH = YES;
				COPY_PHASE_STRIP = NO;
				DEBUG_INFORMATION_FORMAT = "dwarf-with-dsym";
				ENABLE_NS_ASSERTIONS = NO;
				ENABLE_STRICT_OBJC_MSGSEND = YES;
				GCC_C_LANGUAGE_STANDARD = gnu11;
				GCC_NO_COMMON_BLOCKS = YES;
				GCC_WARN_64_TO_32_BIT_CONVERSION = YES;
				GCC_WARN_ABOUT_RETURN_TYPE = YES_ERROR;
				GCC_WARN_UNDECLARED_SELECTOR = YES;
				GCC_WARN_UNINITIALIZED_AUTOS = YES_AGGRESSIVE;
				GCC_WARN_UNUSED_FUNCTION = YES;
				GCC_WARN_UNUSED_VARIABLE = YES;
				IPHONEOS_DEPLOYMENT_TARGET = 13.2;
				MTL_ENABLE_DEBUG_INFO = NO;
				MTL_FAST_MATH = YES;
				SDKROOT = iphoneos;
				VALIDATE_PRODUCT = YES;
			};
			name = Release;
		};
		501B724123AB26680018C027 /* Debug */ = {
			isa = XCBuildConfiguration;
			buildSettings = {
				ASSETCATALOG_COMPILER_APPICON_NAME = AppIcon;
				CLANG_ENABLE_MODULES = YES;
				CODE_SIGN_STYLE = Automatic;
				DEVELOPMENT_TEAM = EPZSBGGQZS;
				INFOPLIST_FILE = MixedLangApp/Info.plist;
				LD_RUNPATH_SEARCH_PATHS = (
					"$(inherited)",
					"@executable_path/Frameworks",
				);
				PRODUCT_BUNDLE_IDENTIFIER = com.hironytic.exp.MixedLangApp;
				PRODUCT_NAME = "$(TARGET_NAME)";
				SWIFT_OBJC_BRIDGING_HEADER = "MixedLangApp/MixedLangApp-Bridging-Header.h";
				SWIFT_OPTIMIZATION_LEVEL = "-Onone";
				SWIFT_VERSION = 5.0;
				TARGETED_DEVICE_FAMILY = "1,2";
			};
			name = Debug;
		};
		501B724223AB26680018C027 /* Release */ = {
			isa = XCBuildConfiguration;
			buildSettings = {
				ASSETCATALOG_COMPILER_APPICON_NAME = AppIcon;
				CLANG_ENABLE_MODULES = YES;
				CODE_SIGN_STYLE = Automatic;
				DEVELOPMENT_TEAM = EPZSBGGQZS;
				INFOPLIST_FILE = MixedLangApp/Info.plist;
				LD_RUNPATH_SEARCH_PATHS = (
					"$(inherited)",
					"@executable_path/Frameworks",
				);
				PRODUCT_BUNDLE_IDENTIFIER = com.hironytic.exp.MixedLangApp;
				PRODUCT_NAME = "$(TARGET_NAME)";
				SWIFT_OBJC_BRIDGING_HEADER = "MixedLangApp/MixedLangApp-Bridging-Header.h";
				SWIFT_VERSION = 5.0;
				TARGETED_DEVICE_FAMILY = "1,2";
			};
			name = Release;
		};
/* End XCBuildConfiguration section */

/* Begin XCConfigurationList section */
		501B722223AB26600018C027 /* Build configuration list for PBXProject "MixedLangApp" */ = {
			isa = XCConfigurationList;
			buildConfigurations = (
				501B723E23AB26680018C027 /* Debug */,
				501B723F23AB26680018C027 /* Release */,
			);
			defaultConfigurationIsVisible = 0;
			defaultConfigurationName = Release;
		};
		501B724023AB26680018C027 /* Build configuration list for PBXNativeTarget "MixedLangApp" */ = {
			isa = XCConfigurationList;
			buildConfigurations = (
				501B724123AB26680018C027 /* Debug */,
				501B724223AB26680018C027 /* Release */,
			);
			defaultConfigurationIsVisible = 0;
			defaultConfigurationName = Release;
		};
/* End XCConfigurationList section */
	};
	rootObject = 501B721F23AB26600018C027 /* Project object */;
}
